# This file is generated by running "yarn install" inside your project.
# Manual changes might be lost - proceed with caution!

__metadata:
  version: 8
  cacheKey: 10c0

"ansi-regex@npm:^5.0.1":
  version: 5.0.1
  resolution: "ansi-regex@npm:5.0.1"
  checksum: 10c0/9a64bb8627b434ba9327b60c027742e5d17ac69277960d041898596271d992d4d52ba7267a63ca10232e29f6107fc8a835f6ce8d719b88c5f8493f8254813737
  languageName: node
  linkType: hard

"yarn-v4@workspace:.":
  version: 0.0.0-use.local
  resolution: "yarn-v4@workspace:."
  dependencies:
    babel: "npm:^6.23.0"
    gauge: "npm:^5.0.1"
  languageName: unknown
  linkType: soft